
Microsoft Visual Studio Solution File, Format Version 12.00
# Visual Studio Version 17
VisualStudioVersion = 17.11.35303.130
MinimumVisualStudioVersion = 10.0.40219.1
Project("{FAE04EC0-301F-11D3-BF4B-00C04F79EFBC}") = "RamMusicSales", "RamMusicSales\RamMusicSales.csproj", "{4E7B21ED-C3A9-471C-9812-447434DFF61B}"
EndProject
Global
	GlobalSection(SolutionConfigurationPlatforms) = preSolution
		Debug|Any CPU = Debug|Any CPU
		Release|Any CPU = Release|Any CPU
	EndGlobalSection
	GlobalSection(ProjectConfigurationPlatforms) = postSolution
		{4E7B21ED-C3A9-471C-9812-447434DFF61B}.Debug|Any CPU.ActiveCfg = Debug|Any CPU
		{4E7B21ED-C3A9-471C-9812-447434DFF61B}.Debug|Any CPU.Build.0 = Debug|Any CPU
		{4E7B21ED-C3A9-471C-9812-447434DFF61B}.Release|Any CPU.ActiveCfg = Release|Any CPU
		{4E7B21ED-C3A9-471C-9812-447434DFF61B}.Release|Any CPU.Build.0 = Release|Any CPU
	EndGlobalSection
	GlobalSection(SolutionProperties) = preSolution
		HideSolutionNode = FALSE
	EndGlobalSection
	GlobalSection(ExtensibilityGlobals) = postSolution
		SolutionGuid = {8049ABB3-5E23-42B8-9A37-CE03A9964A06}
	EndGlobalSection
EndGlobal
